// !$*UTF8*$!
{
	archiveVersion = 1;
	classes = {
	};
	objectVersion = 56;
	objects = {

/* Begin PBXBuildFile section */
		5692EDA22C386E50000F4A68 /* HambonePOCApp.swift in Sources */ = {isa = PBXBuildFile; fileRef = 5692EDA12C386E50000F4A68 /* HambonePOCApp.swift */; };
		5692EDA42C386E50000F4A68 /* ContentView.swift in Sources */ = {isa = PBXBuildFile; fileRef = 5692EDA32C386E50000F4A68 /* ContentView.swift */; };
		5692EDA62C386E50000F4A68 /* Item.swift in Sources */ = {isa = PBXBuildFile; fileRef = 5692EDA52C386E50000F4A68 /* Item.swift */; };
		5692EDA82C386E51000F4A68 /* Assets.xcassets in Resources */ = {isa = PBXBuildFile; fileRef = 5692EDA72C386E51000F4A68 /* Assets.xcassets */; };
		5692EDAB2C386E51000F4A68 /* Preview Assets.xcassets in Resources */ = {isa = PBXBuildFile; fileRef = 5692EDAA2C386E51000F4A68 /* Preview Assets.xcassets */; };
		5692EDBF2C386E51000F4A68 /* HambonePOCUITests.swift in Sources */ = {isa = PBXBuildFile; fileRef = 5692EDBE2C386E51000F4A68 /* HambonePOCUITests.swift */; };
		5692EDC12C386E51000F4A68 /* HambonePOCUITestsLaunchTests.swift in Sources */ = {isa = PBXBuildFile; fileRef = 5692EDC02C386E51000F4A68 /* HambonePOCUITestsLaunchTests.swift */; };
		5692EDCE2C386EA5000F4A68 /* BowlingScoresheet.swift in Sources */ = {isa = PBXBuildFile; fileRef = 5692EDCD2C386EA5000F4A68 /* BowlingScoresheet.swift */; };
		5692EDD02C390FAC000F4A68 /* BowlingScoresheetFrameTests.swift in Sources */ = {isa = PBXBuildFile; fileRef = 5692EDCF2C390FAC000F4A68 /* BowlingScoresheetFrameTests.swift */; };
		5692EDD22C3A509B000F4A68 /* BowlingScoresheetTests.swift in Sources */ = {isa = PBXBuildFile; fileRef = 5692EDD12C3A509B000F4A68 /* BowlingScoresheetTests.swift */; };
/* End PBXBuildFile section */

/* Begin PBXContainerItemProxy section */
		5692EDB12C386E51000F4A68 /* PBXContainerItemProxy */ = {
			isa = PBXContainerItemProxy;
			containerPortal = 5692ED962C386E50000F4A68 /* Project object */;
			proxyType = 1;
			remoteGlobalIDString = 5692ED9D2C386E50000F4A68;
			remoteInfo = HambonePOC;
		};
		5692EDBB2C386E51000F4A68 /* PBXContainerItemProxy */ = {
			isa = PBXContainerItemProxy;
			containerPortal = 5692ED962C386E50000F4A68 /* Project object */;
			proxyType = 1;
			remoteGlobalIDString = 5692ED9D2C386E50000F4A68;
			remoteInfo = HambonePOC;
		};
/* End PBXContainerItemProxy section */

/* Begin PBXFileReference section */
		5692ED9E2C386E50000F4A68 /* HambonePOC.app */ = {isa = PBXFileReference; explicitFileType = wrapper.application; includeInIndex = 0; path = HambonePOC.app; sourceTree = BUILT_PRODUCTS_DIR; };
		5692EDA12C386E50000F4A68 /* HambonePOCApp.swift */ = {isa = PBXFileReference; lastKnownFileType = sourcecode.swift; path = HambonePOCApp.swift; sourceTree = "<group>"; };
		5692EDA32C386E50000F4A68 /* ContentView.swift */ = {isa = PBXFileReference; lastKnownFileType = sourcecode.swift; path = ContentView.swift; sourceTree = "<group>"; };
		5692EDA52C386E50000F4A68 /* Item.swift */ = {isa = PBXFileReference; lastKnownFileType = sourcecode.swift; path = Item.swift; sourceTree = "<group>"; };
		5692EDA72C386E51000F4A68 /* Assets.xcassets */ = {isa = PBXFileReference; lastKnownFileType = folder.assetcatalog; path = Assets.xcassets; sourceTree = "<group>"; };
		5692EDAA2C386E51000F4A68 /* Preview Assets.xcassets */ = {isa = PBXFileReference; lastKnownFileType = folder.assetcatalog; path = "Preview Assets.xcassets"; sourceTree = "<group>"; };
		5692EDB02C386E51000F4A68 /* HambonePOCTests.xctest */ = {isa = PBXFileReference; explicitFileType = wrapper.cfbundle; includeInIndex = 0; path = HambonePOCTests.xctest; sourceTree = BUILT_PRODUCTS_DIR; };
		5692EDBA2C386E51000F4A68 /* HambonePOCUITests.xctest */ = {isa = PBXFileReference; explicitFileType = wrapper.cfbundle; includeInIndex = 0; path = HambonePOCUITests.xctest; sourceTree = BUILT_PRODUCTS_DIR; };
		5692EDBE2C386E51000F4A68 /* HambonePOCUITests.swift */ = {isa = PBXFileReference; lastKnownFileType = sourcecode.swift; path = HambonePOCUITests.swift; sourceTree = "<group>"; };
		5692EDC02C386E51000F4A68 /* HambonePOCUITestsLaunchTests.swift */ = {isa = PBXFileReference; lastKnownFileType = sourcecode.swift; path = HambonePOCUITestsLaunchTests.swift; sourceTree = "<group>"; };
		5692EDCD2C386EA5000F4A68 /* BowlingScoresheet.swift */ = {isa = PBXFileReference; lastKnownFileType = sourcecode.swift; path = BowlingScoresheet.swift; sourceTree = "<group>"; };
		5692EDCF2C390FAC000F4A68 /* BowlingScoresheetFrameTests.swift */ = {isa = PBXFileReference; lastKnownFileType = sourcecode.swift; path = BowlingScoresheetFrameTests.swift; sourceTree = "<group>"; };
		5692EDD12C3A509B000F4A68 /* BowlingScoresheetTests.swift */ = {isa = PBXFileReference; lastKnownFileType = sourcecode.swift; path = BowlingScoresheetTests.swift; sourceTree = "<group>"; };
/* End PBXFileReference section */

/* Begin PBXFrameworksBuildPhase section */
		5692ED9B2C386E50000F4A68 /* Frameworks */ = {
			isa = PBXFrameworksBuildPhase;
			buildActionMask = 2147483647;
			files = (
			);
			runOnlyForDeploymentPostprocessing = 0;
		};
		5692EDAD2C386E51000F4A68 /* Frameworks */ = {
			isa = PBXFrameworksBuildPhase;
			buildActionMask = 2147483647;
			files = (
			);
			runOnlyForDeploymentPostprocessing = 0;
		};
		5692EDB72C386E51000F4A68 /* Frameworks */ = {
			isa = PBXFrameworksBuildPhase;
			buildActionMask = 2147483647;
			files = (
			);
			runOnlyForDeploymentPostprocessing = 0;
		};
/* End PBXFrameworksBuildPhase section */

/* Begin PBXGroup section */
		5692ED952C386E50000F4A68 = {
			isa = PBXGroup;
			children = (
				5692EDA02C386E50000F4A68 /* HambonePOC */,
				5692EDB32C386E51000F4A68 /* HambonePOCTests */,
				5692EDBD2C386E51000F4A68 /* HambonePOCUITests */,
				5692ED9F2C386E50000F4A68 /* Products */,
			);
			sourceTree = "<group>";
		};
		5692ED9F2C386E50000F4A68 /* Products */ = {
			isa = PBXGroup;
			children = (
				5692ED9E2C386E50000F4A68 /* HambonePOC.app */,
				5692EDB02C386E51000F4A68 /* HambonePOCTests.xctest */,
				5692EDBA2C386E51000F4A68 /* HambonePOCUITests.xctest */,
			);
			name = Products;
			sourceTree = "<group>";
		};
		5692EDA02C386E50000F4A68 /* HambonePOC */ = {
			isa = PBXGroup;
			children = (
				5692EDA12C386E50000F4A68 /* HambonePOCApp.swift */,
				5692EDA32C386E50000F4A68 /* ContentView.swift */,
				5692EDA52C386E50000F4A68 /* Item.swift */,
				5692EDA72C386E51000F4A68 /* Assets.xcassets */,
				5692EDA92C386E51000F4A68 /* Preview Content */,
				5692EDCD2C386EA5000F4A68 /* BowlingScoresheet.swift */,
			);
			path = HambonePOC;
			sourceTree = "<group>";
		};
		5692EDA92C386E51000F4A68 /* Preview Content */ = {
			isa = PBXGroup;
			children = (
				5692EDAA2C386E51000F4A68 /* Preview Assets.xcassets */,
			);
			path = "Preview Content";
			sourceTree = "<group>";
		};
		5692EDB32C386E51000F4A68 /* HambonePOCTests */ = {
			isa = PBXGroup;
			children = (
				5692EDCF2C390FAC000F4A68 /* BowlingScoresheetFrameTests.swift */,
				5692EDD12C3A509B000F4A68 /* BowlingScoresheetTests.swift */,
			);
			path = HambonePOCTests;
			sourceTree = "<group>";
		};
		5692EDBD2C386E51000F4A68 /* HambonePOCUITests */ = {
			isa = PBXGroup;
			children = (
				5692EDBE2C386E51000F4A68 /* HambonePOCUITests.swift */,
				5692EDC02C386E51000F4A68 /* HambonePOCUITestsLaunchTests.swift */,
			);
			path = HambonePOCUITests;
			sourceTree = "<group>";
		};
/* End PBXGroup section */

/* Begin PBXNativeTarget section */
		5692ED9D2C386E50000F4A68 /* HambonePOC */ = {
			isa = PBXNativeTarget;
			buildConfigurationList = 5692EDC42C386E51000F4A68 /* Build configuration list for PBXNativeTarget "HambonePOC" */;
			buildPhases = (
				5692ED9A2C386E50000F4A68 /* Sources */,
				5692ED9B2C386E50000F4A68 /* Frameworks */,
				5692ED9C2C386E50000F4A68 /* Resources */,
			);
			buildRules = (
			);
			dependencies = (
			);
			name = HambonePOC;
			productName = HambonePOC;
			productReference = 5692ED9E2C386E50000F4A68 /* HambonePOC.app */;
			productType = "com.apple.product-type.application";
		};
		5692EDAF2C386E51000F4A68 /* HambonePOCTests */ = {
			isa = PBXNativeTarget;
			buildConfigurationList = 5692EDC72C386E51000F4A68 /* Build configuration list for PBXNativeTarget "HambonePOCTests" */;
			buildPhases = (
				5692EDAC2C386E51000F4A68 /* Sources */,
				5692EDAD2C386E51000F4A68 /* Frameworks */,
				5692EDAE2C386E51000F4A68 /* Resources */,
			);
			buildRules = (
			);
			dependencies = (
				5692EDB22C386E51000F4A68 /* PBXTargetDependency */,
			);
			name = HambonePOCTests;
			productName = HambonePOCTests;
			productReference = 5692EDB02C386E51000F4A68 /* HambonePOCTests.xctest */;
			productType = "com.apple.product-type.bundle.unit-test";
		};
		5692EDB92C386E51000F4A68 /* HambonePOCUITests */ = {
			isa = PBXNativeTarget;
			buildConfigurationList = 5692EDCA2C386E51000F4A68 /* Build configuration list for PBXNativeTarget "HambonePOCUITests" */;
			buildPhases = (
				5692EDB62C386E51000F4A68 /* Sources */,
				5692EDB72C386E51000F4A68 /* Frameworks */,
				5692EDB82C386E51000F4A68 /* Resources */,
			);
			buildRules = (
			);
			dependencies = (
				5692EDBC2C386E51000F4A68 /* PBXTargetDependency */,
			);
			name = HambonePOCUITests;
			productName = HambonePOCUITests;
			productReference = 5692EDBA2C386E51000F4A68 /* HambonePOCUITests.xctest */;
			productType = "com.apple.product-type.bundle.ui-testing";
		};
/* End PBXNativeTarget section */

/* Begin PBXProject section */
		5692ED962C386E50000F4A68 /* Project object */ = {
			isa = PBXProject;
			attributes = {
				BuildIndependentTargetsInParallel = 1;
				LastSwiftUpdateCheck = 1540;
				LastUpgradeCheck = 1540;
				TargetAttributes = {
					5692ED9D2C386E50000F4A68 = {
						CreatedOnToolsVersion = 15.4;
					};
					5692EDAF2C386E51000F4A68 = {
						CreatedOnToolsVersion = 15.4;
						TestTargetID = 5692ED9D2C386E50000F4A68;
					};
					5692EDB92C386E51000F4A68 = {
						CreatedOnToolsVersion = 15.4;
						TestTargetID = 5692ED9D2C386E50000F4A68;
					};
				};
			};
			buildConfigurationList = 5692ED992C386E50000F4A68 /* Build configuration list for PBXProject "HambonePOC" */;
			compatibilityVersion = "Xcode 14.0";
			developmentRegion = en;
			hasScannedForEncodings = 0;
			knownRegions = (
				en,
				Base,
			);
			mainGroup = 5692ED952C386E50000F4A68;
			productRefGroup = 5692ED9F2C386E50000F4A68 /* Products */;
			projectDirPath = "";
			projectRoot = "";
			targets = (
				5692ED9D2C386E50000F4A68 /* HambonePOC */,
				5692EDAF2C386E51000F4A68 /* HambonePOCTests */,
				5692EDB92C386E51000F4A68 /* HambonePOCUITests */,
			);
		};
/* End PBXProject section */

/* Begin PBXResourcesBuildPhase section */
		5692ED9C2C386E50000F4A68 /* Resources */ = {
			isa = PBXResourcesBuildPhase;
			buildActionMask = 2147483647;
			files = (
				5692EDAB2C386E51000F4A68 /* Preview Assets.xcassets in Resources */,
				5692EDA82C386E51000F4A68 /* Assets.xcassets in Resources */,
			);
			runOnlyForDeploymentPostprocessing = 0;
		};
		5692EDAE2C386E51000F4A68 /* Resources */ = {
			isa = PBXResourcesBuildPhase;
			buildActionMask = 2147483647;
			files = (
			);
			runOnlyForDeploymentPostprocessing = 0;
		};
		5692EDB82C386E51000F4A68 /* Resources */ = {
			isa = PBXResourcesBuildPhase;
			buildActionMask = 2147483647;
			files = (
			);
			runOnlyForDeploymentPostprocessing = 0;
		};
/* End PBXResourcesBuildPhase section */

/* Begin PBXSourcesBuildPhase section */
		5692ED9A2C386E50000F4A68 /* Sources */ = {
			isa = PBXSourcesBuildPhase;
			buildActionMask = 2147483647;
			files = (
				5692EDA42C386E50000F4A68 /* ContentView.swift in Sources */,
				5692EDCE2C386EA5000F4A68 /* BowlingScoresheet.swift in Sources */,
				5692EDA62C386E50000F4A68 /* Item.swift in Sources */,
				5692EDA22C386E50000F4A68 /* HambonePOCApp.swift in Sources */,
			);
			runOnlyForDeploymentPostprocessing = 0;
		};
		5692EDAC2C386E51000F4A68 /* Sources */ = {
			isa = PBXSourcesBuildPhase;
			buildActionMask = 2147483647;
			files = (
				5692EDD02C390FAC000F4A68 /* BowlingScoresheetFrameTests.swift in Sources */,
				5692EDD22C3A509B000F4A68 /* BowlingScoresheetTests.swift in Sources */,
			);
			runOnlyForDeploymentPostprocessing = 0;
		};
		5692EDB62C386E51000F4A68 /* Sources */ = {
			isa = PBXSourcesBuildPhase;
			buildActionMask = 2147483647;
			files = (
				5692EDC12C386E51000F4A68 /* HambonePOCUITestsLaunchTests.swift in Sources */,
				5692EDBF2C386E51000F4A68 /* HambonePOCUITests.swift in Sources */,
			);
			runOnlyForDeploymentPostprocessing = 0;
		};
/* End PBXSourcesBuildPhase section */

/* Begin PBXTargetDependency section */
		5692EDB22C386E51000F4A68 /* PBXTargetDependency */ = {
			isa = PBXTargetDependency;
			target = 5692ED9D2C386E50000F4A68 /* HambonePOC */;
			targetProxy = 5692EDB12C386E51000F4A68 /* PBXContainerItemProxy */;
		};
		5692EDBC2C386E51000F4A68 /* PBXTargetDependency */ = {
			isa = PBXTargetDependency;
			target = 5692ED9D2C386E50000F4A68 /* HambonePOC */;
			targetProxy = 5692EDBB2C386E51000F4A68 /* PBXContainerItemProxy */;
		};
/* End PBXTargetDependency section */

/* Begin XCBuildConfiguration section */
		5692EDC22C386E51000F4A68 /* Debug */ = {
			isa = XCBuildConfiguration;
			buildSettings = {
				ALWAYS_SEARCH_USER_PATHS = NO;
				ASSETCATALOG_COMPILER_GENERATE_SWIFT_ASSET_SYMBOL_EXTENSIONS = YES;
				CLANG_ANALYZER_NONNULL = YES;
				CLANG_ANALYZER_NUMBER_OBJECT_CONVERSION = YES_AGGRESSIVE;
				CLANG_CXX_LANGUAGE_STANDARD = "gnu++20";
				CLANG_ENABLE_MODULES = YES;
				CLANG_ENABLE_OBJC_ARC = YES;
				CLANG_ENABLE_OBJC_WEAK = YES;
				CLANG_WARN_BLOCK_CAPTURE_AUTORELEASING = YES;
				CLANG_WARN_BOOL_CONVERSION = YES;
				CLANG_WARN_COMMA = YES;
				CLANG_WARN_CONSTANT_CONVERSION = YES;
				CLANG_WARN_DEPRECATED_OBJC_IMPLEMENTATIONS = YES;
				CLANG_WARN_DIRECT_OBJC_ISA_USAGE = YES_ERROR;
				CLANG_WARN_DOCUMENTATION_COMMENTS = YES;
				CLANG_WARN_EMPTY_BODY = YES;
				CLANG_WARN_ENUM_CONVERSION = YES;
				CLANG_WARN_INFINITE_RECURSION = YES;
				CLANG_WARN_INT_CONVERSION = YES;
				CLANG_WARN_NON_LITERAL_NULL_CONVERSION = YES;
				CLANG_WARN_OBJC_IMPLICIT_RETAIN_SELF = YES;
				CLANG_WARN_OBJC_LITERAL_CONVERSION = YES;
				CLANG_WARN_OBJC_ROOT_CLASS = YES_ERROR;
				CLANG_WARN_QUOTED_INCLUDE_IN_FRAMEWORK_HEADER = YES;
				CLANG_WARN_RANGE_LOOP_ANALYSIS = YES;
				CLANG_WARN_STRICT_PROTOTYPES = YES;
				CLANG_WARN_SUSPICIOUS_MOVE = YES;
				CLANG_WARN_UNGUARDED_AVAILABILITY = YES_AGGRESSIVE;
				CLANG_WARN_UNREACHABLE_CODE = YES;
				CLANG_WARN__DUPLICATE_METHOD_MATCH = YES;
				COPY_PHASE_STRIP = NO;
				DEBUG_INFORMATION_FORMAT = dwarf;
				ENABLE_STRICT_OBJC_MSGSEND = YES;
				ENABLE_TESTABILITY = YES;
				ENABLE_USER_SCRIPT_SANDBOXING = YES;
				GCC_C_LANGUAGE_STANDARD = gnu17;
				GCC_DYNAMIC_NO_PIC = NO;
				GCC_NO_COMMON_BLOCKS = YES;
				GCC_OPTIMIZATION_LEVEL = 0;
				GCC_PREPROCESSOR_DEFINITIONS = (
					"DEBUG=1",
					"$(inherited)",
				);
				GCC_WARN_64_TO_32_BIT_CONVERSION = YES;
				GCC_WARN_ABOUT_RETURN_TYPE = YES_ERROR;
				GCC_WARN_UNDECLARED_SELECTOR = YES;
				GCC_WARN_UNINITIALIZED_AUTOS = YES_AGGRESSIVE;
				GCC_WARN_UNUSED_FUNCTION = YES;
				GCC_WARN_UNUSED_VARIABLE = YES;
				IPHONEOS_DEPLOYMENT_TARGET = 17.5;
				LOCALIZATION_PREFERS_STRING_CATALOGS = YES;
				MTL_ENABLE_DEBUG_INFO = INCLUDE_SOURCE;
				MTL_FAST_MATH = YES;
				ONLY_ACTIVE_ARCH = YES;
				SDKROOT = iphoneos;
				SWIFT_ACTIVE_COMPILATION_CONDITIONS = "DEBUG $(inherited)";
				SWIFT_OPTIMIZATION_LEVEL = "-Onone";
			};
			name = Debug;
		};
		5692EDC32C386E51000F4A68 /* Release */ = {
			isa = XCBuildConfiguration;
			buildSettings = {
				ALWAYS_SEARCH_USER_PATHS = NO;
				ASSETCATALOG_COMPILER_GENERATE_SWIFT_ASSET_SYMBOL_EXTENSIONS = YES;
				CLANG_ANALYZER_NONNULL = YES;
				CLANG_ANALYZER_NUMBER_OBJECT_CONVERSION = YES_AGGRESSIVE;
				CLANG_CXX_LANGUAGE_STANDARD = "gnu++20";
				CLANG_ENABLE_MODULES = YES;
				CLANG_ENABLE_OBJC_ARC = YES;
				CLANG_ENABLE_OBJC_WEAK = YES;
				CLANG_WARN_BLOCK_CAPTURE_AUTORELEASING = YES;
				CLANG_WARN_BOOL_CONVERSION = YES;
				CLANG_WARN_COMMA = YES;
				CLANG_WARN_CONSTANT_CONVERSION = YES;
				CLANG_WARN_DEPRECATED_OBJC_IMPLEMENTATIONS = YES;
				CLANG_WARN_DIRECT_OBJC_ISA_USAGE = YES_ERROR;
				CLANG_WARN_DOCUMENTATION_COMMENTS = YES;
				CLANG_WARN_EMPTY_BODY = YES;
				CLANG_WARN_ENUM_CONVERSION = YES;
				CLANG_WARN_INFINITE_RECURSION = YES;
				CLANG_WARN_INT_CONVERSION = YES;
				CLANG_WARN_NON_LITERAL_NULL_CONVERSION = YES;
				CLANG_WARN_OBJC_IMPLICIT_RETAIN_SELF = YES;
				CLANG_WARN_OBJC_LITERAL_CONVERSION = YES;
				CLANG_WARN_OBJC_ROOT_CLASS = YES_ERROR;
				CLANG_WARN_QUOTED_INCLUDE_IN_FRAMEWORK_HEADER = YES;
				CLANG_WARN_RANGE_LOOP_ANALYSIS = YES;
				CLANG_WARN_STRICT_PROTOTYPES = YES;
				CLANG_WARN_SUSPICIOUS_MOVE = YES;
				CLANG_WARN_UNGUARDED_AVAILABILITY = YES_AGGRESSIVE;
				CLANG_WARN_UNREACHABLE_CODE = YES;
				CLANG_WARN__DUPLICATE_METHOD_MATCH = YES;
				COPY_PHASE_STRIP = NO;
				DEBUG_INFORMATION_FORMAT = "dwarf-with-dsym";
				ENABLE_NS_ASSERTIONS = NO;
				ENABLE_STRICT_OBJC_MSGSEND = YES;
				ENABLE_USER_SCRIPT_SANDBOXING = YES;
				GCC_C_LANGUAGE_STANDARD = gnu17;
				GCC_NO_COMMON_BLOCKS = YES;
				GCC_WARN_64_TO_32_BIT_CONVERSION = YES;
				GCC_WARN_ABOUT_RETURN_TYPE = YES_ERROR;
				GCC_WARN_UNDECLARED_SELECTOR = YES;
				GCC_WARN_UNINITIALIZED_AUTOS = YES_AGGRESSIVE;
				GCC_WARN_UNUSED_FUNCTION = YES;
				GCC_WARN_UNUSED_VARIABLE = YES;
				IPHONEOS_DEPLOYMENT_TARGET = 17.5;
				LOCALIZATION_PREFERS_STRING_CATALOGS = YES;
				MTL_ENABLE_DEBUG_INFO = NO;
				MTL_FAST_MATH = YES;
				SDKROOT = iphoneos;
				SWIFT_COMPILATION_MODE = wholemodule;
				VALIDATE_PRODUCT = YES;
			};
			name = Release;
		};
		5692EDC52C386E51000F4A68 /* Debug */ = {
			isa = XCBuildConfiguration;
			buildSettings = {
				ASSETCATALOG_COMPILER_APPICON_NAME = AppIcon;
				ASSETCATALOG_COMPILER_GLOBAL_ACCENT_COLOR_NAME = AccentColor;
				CODE_SIGN_STYLE = Automatic;
				CURRENT_PROJECT_VERSION = 1;
				DEVELOPMENT_ASSET_PATHS = "\"HambonePOC/Preview Content\"";
				DEVELOPMENT_TEAM = 6B27S7NT69;
				ENABLE_PREVIEWS = YES;
				GENERATE_INFOPLIST_FILE = YES;
				INFOPLIST_KEY_UIApplicationSceneManifest_Generation = YES;
				INFOPLIST_KEY_UIApplicationSupportsIndirectInputEvents = YES;
				INFOPLIST_KEY_UILaunchScreen_Generation = YES;
				INFOPLIST_KEY_UISupportedInterfaceOrientations_iPad = "UIInterfaceOrientationPortrait UIInterfaceOrientationPortraitUpsideDown UIInterfaceOrientationLandscapeLeft UIInterfaceOrientationLandscapeRight";
				INFOPLIST_KEY_UISupportedInterfaceOrientations_iPhone = "UIInterfaceOrientationPortrait UIInterfaceOrientationLandscapeLeft UIInterfaceOrientationLandscapeRight";
				LD_RUNPATH_SEARCH_PATHS = (
					"$(inherited)",
					"@executable_path/Frameworks",
				);
				MARKETING_VERSION = 1.0;
				PRODUCT_BUNDLE_IDENTIFIER = io.cpk.HambonePOC;
				PRODUCT_NAME = "$(TARGET_NAME)";
				SWIFT_EMIT_LOC_STRINGS = YES;
				SWIFT_VERSION = 5.0;
				TARGETED_DEVICE_FAMILY = "1,2";
			};
			name = Debug;
		};
		5692EDC62C386E51000F4A68 /* Release */ = {
			isa = XCBuildConfiguration;
			buildSettings = {
				ASSETCATALOG_COMPILER_APPICON_NAME = AppIcon;
				ASSETCATALOG_COMPILER_GLOBAL_ACCENT_COLOR_NAME = AccentColor;
				CODE_SIGN_STYLE = Automatic;
				CURRENT_PROJECT_VERSION = 1;
				DEVELOPMENT_ASSET_PATHS = "\"HambonePOC/Preview Content\"";
				DEVELOPMENT_TEAM = 6B27S7NT69;
				ENABLE_PREVIEWS = YES;
				GENERATE_INFOPLIST_FILE = YES;
				INFOPLIST_KEY_UIApplicationSceneManifest_Generation = YES;
				INFOPLIST_KEY_UIApplicationSupportsIndirectInputEvents = YES;
				INFOPLIST_KEY_UILaunchScreen_Generation = YES;
				INFOPLIST_KEY_UISupportedInterfaceOrientations_iPad = "UIInterfaceOrientationPortrait UIInterfaceOrientationPortraitUpsideDown UIInterfaceOrientationLandscapeLeft UIInterfaceOrientationLandscapeRight";
				INFOPLIST_KEY_UISupportedInterfaceOrientations_iPhone = "UIInterfaceOrientationPortrait UIInterfaceOrientationLandscapeLeft UIInterfaceOrientationLandscapeRight";
				LD_RUNPATH_SEARCH_PATHS = (
					"$(inherited)",
					"@executable_path/Frameworks",
				);
				MARKETING_VERSION = 1.0;
				PRODUCT_BUNDLE_IDENTIFIER = io.cpk.HambonePOC;
				PRODUCT_NAME = "$(TARGET_NAME)";
				SWIFT_EMIT_LOC_STRINGS = YES;
				SWIFT_VERSION = 5.0;
				TARGETED_DEVICE_FAMILY = "1,2";
			};
			name = Release;
		};
		5692EDC82C386E51000F4A68 /* Debug */ = {
			isa = XCBuildConfiguration;
			buildSettings = {
				ALWAYS_EMBED_SWIFT_STANDARD_LIBRARIES = YES;
				BUNDLE_LOADER = "$(TEST_HOST)";
				CODE_SIGN_STYLE = Automatic;
				CURRENT_PROJECT_VERSION = 1;
				DEVELOPMENT_TEAM = 6B27S7NT69;
				GENERATE_INFOPLIST_FILE = YES;
				IPHONEOS_DEPLOYMENT_TARGET = 17.5;
				MARKETING_VERSION = 1.0;
				PRODUCT_BUNDLE_IDENTIFIER = io.cpk.HambonePOCTests;
				PRODUCT_NAME = "$(TARGET_NAME)";
				SWIFT_EMIT_LOC_STRINGS = NO;
				SWIFT_VERSION = 5.0;
				TARGETED_DEVICE_FAMILY = "1,2";
				TEST_HOST = "$(BUILT_PRODUCTS_DIR)/HambonePOC.app/$(BUNDLE_EXECUTABLE_FOLDER_PATH)/HambonePOC";
			};
			name = Debug;
		};
		5692EDC92C386E51000F4A68 /* Release */ = {
			isa = XCBuildConfiguration;
			buildSettings = {
				ALWAYS_EMBED_SWIFT_STANDARD_LIBRARIES = YES;
				BUNDLE_LOADER = "$(TEST_HOST)";
				CODE_SIGN_STYLE = Automatic;
				CURRENT_PROJECT_VERSION = 1;
				DEVELOPMENT_TEAM = 6B27S7NT69;
				GENERATE_INFOPLIST_FILE = YES;
				IPHONEOS_DEPLOYMENT_TARGET = 17.5;
				MARKETING_VERSION = 1.0;
				PRODUCT_BUNDLE_IDENTIFIER = io.cpk.HambonePOCTests;
				PRODUCT_NAME = "$(TARGET_NAME)";
				SWIFT_EMIT_LOC_STRINGS = NO;
				SWIFT_VERSION = 5.0;
				TARGETED_DEVICE_FAMILY = "1,2";
				TEST_HOST = "$(BUILT_PRODUCTS_DIR)/HambonePOC.app/$(BUNDLE_EXECUTABLE_FOLDER_PATH)/HambonePOC";
			};
			name = Release;
		};
		5692EDCB2C386E51000F4A68 /* Debug */ = {
			isa = XCBuildConfiguration;
			buildSettings = {
				ALWAYS_EMBED_SWIFT_STANDARD_LIBRARIES = YES;
				CODE_SIGN_STYLE = Automatic;
				CURRENT_PROJECT_VERSION = 1;
				DEVELOPMENT_TEAM = 6B27S7NT69;
				GENERATE_INFOPLIST_FILE = YES;
				MARKETING_VERSION = 1.0;
				PRODUCT_BUNDLE_IDENTIFIER = io.cpk.HambonePOCUITests;
				PRODUCT_NAME = "$(TARGET_NAME)";
				SWIFT_EMIT_LOC_STRINGS = NO;
				SWIFT_VERSION = 5.0;
				TARGETED_DEVICE_FAMILY = "1,2";
				TEST_TARGET_NAME = HambonePOC;
			};
			name = Debug;
		};
		5692EDCC2C386E51000F4A68 /* Release */ = {
			isa = XCBuildConfiguration;
			buildSettings = {
				ALWAYS_EMBED_SWIFT_STANDARD_LIBRARIES = YES;
				CODE_SIGN_STYLE = Automatic;
				CURRENT_PROJECT_VERSION = 1;
				DEVELOPMENT_TEAM = 6B27S7NT69;
				GENERATE_INFOPLIST_FILE = YES;
				MARKETING_VERSION = 1.0;
				PRODUCT_BUNDLE_IDENTIFIER = io.cpk.HambonePOCUITests;
				PRODUCT_NAME = "$(TARGET_NAME)";
				SWIFT_EMIT_LOC_STRINGS = NO;
				SWIFT_VERSION = 5.0;
				TARGETED_DEVICE_FAMILY = "1,2";
				TEST_TARGET_NAME = HambonePOC;
			};
			name = Release;
		};
/* End XCBuildConfiguration section */

/* Begin XCConfigurationList section */
		5692ED992C386E50000F4A68 /* Build configuration list for PBXProject "HambonePOC" */ = {
			isa = XCConfigurationList;
			buildConfigurations = (
				5692EDC22C386E51000F4A68 /* Debug */,
				5692EDC32C386E51000F4A68 /* Release */,
			);
			defaultConfigurationIsVisible = 0;
			defaultConfigurationName = Release;
		};
		5692EDC42C386E51000F4A68 /* Build configuration list for PBXNativeTarget "HambonePOC" */ = {
			isa = XCConfigurationList;
			buildConfigurations = (
				5692EDC52C386E51000F4A68 /* Debug */,
				5692EDC62C386E51000F4A68 /* Release */,
			);
			defaultConfigurationIsVisible = 0;
			defaultConfigurationName = Release;
		};
		5692EDC72C386E51000F4A68 /* Build configuration list for PBXNativeTarget "HambonePOCTests" */ = {
			isa = XCConfigurationList;
			buildConfigurations = (
				5692EDC82C386E51000F4A68 /* Debug */,
				5692EDC92C386E51000F4A68 /* Release */,
			);
			defaultConfigurationIsVisible = 0;
			defaultConfigurationName = Release;
		};
		5692EDCA2C386E51000F4A68 /* Build configuration list for PBXNativeTarget "HambonePOCUITests" */ = {
			isa = XCConfigurationList;
			buildConfigurations = (
				5692EDCB2C386E51000F4A68 /* Debug */,
				5692EDCC2C386E51000F4A68 /* Release */,
			);
			defaultConfigurationIsVisible = 0;
			defaultConfigurationName = Release;
		};
/* End XCConfigurationList section */
	};
	rootObject = 5692ED962C386E50000F4A68 /* Project object */;
}
